// !$*UTF8*$!
{
	archiveVersion = 1;
	classes = {
	};
	objectVersion = 50;
	objects = {

/* Begin PBXBuildFile section */
		3B17A2D02327D6B4006CEB4C /* AppDelegate.swift in Sources */ = {isa = PBXBuildFile; fileRef = 3B17A2CF2327D6B4006CEB4C /* AppDelegate.swift */; };
		3B17A2D22327D6B4006CEB4C /* ViewController.swift in Sources */ = {isa = PBXBuildFile; fileRef = 3B17A2D12327D6B4006CEB4C /* ViewController.swift */; };
		3B17A2D52327D6B4006CEB4C /* Main.storyboard in Resources */ = {isa = PBXBuildFile; fileRef = 3B17A2D32327D6B4006CEB4C /* Main.storyboard */; };
		3B17A2D72327D6B5006CEB4C /* Assets.xcassets in Resources */ = {isa = PBXBuildFile; fileRef = 3B17A2D62327D6B5006CEB4C /* Assets.xcassets */; };
		3B17A2DA2327D6B5006CEB4C /* LaunchScreen.storyboard in Resources */ = {isa = PBXBuildFile; fileRef = 3B17A2D82327D6B5006CEB4C /* LaunchScreen.storyboard */; };
		3B17A2E52327D6B5006CEB4C /* lab3t1Tests.swift in Sources */ = {isa = PBXBuildFile; fileRef = 3B17A2E42327D6B5006CEB4C /* lab3t1Tests.swift */; };
		3B17A2F02327D6B5006CEB4C /* lab3t1UITests.swift in Sources */ = {isa = PBXBuildFile; fileRef = 3B17A2EF2327D6B5006CEB4C /* lab3t1UITests.swift */; };
		3B17A2FE2327DED3006CEB4C /* ShoppingListTableViewController.swift in Sources */ = {isa = PBXBuildFile; fileRef = 3B17A2FD2327DED3006CEB4C /* ShoppingListTableViewController.swift */; };
/* End PBXBuildFile section */

/* Begin PBXContainerItemProxy section */
		3B17A2E12327D6B5006CEB4C /* PBXContainerItemProxy */ = {
			isa = PBXContainerItemProxy;
			containerPortal = 3B17A2C42327D6B4006CEB4C /* Project object */;
			proxyType = 1;
			remoteGlobalIDString = 3B17A2CB2327D6B4006CEB4C;
			remoteInfo = lab3t1;
		};
		3B17A2EC2327D6B5006CEB4C /* PBXContainerItemProxy */ = {
			isa = PBXContainerItemProxy;
			containerPortal = 3B17A2C42327D6B4006CEB4C /* Project object */;
			proxyType = 1;
			remoteGlobalIDString = 3B17A2CB2327D6B4006CEB4C;
			remoteInfo = lab3t1;
		};
/* End PBXContainerItemProxy section */

/* Begin PBXFileReference section */
		3B17A2CC2327D6B4006CEB4C /* lab3t1.app */ = {isa = PBXFileReference; explicitFileType = wrapper.application; includeInIndex = 0; path = lab3t1.app; sourceTree = BUILT_PRODUCTS_DIR; };
		3B17A2CF2327D6B4006CEB4C /* AppDelegate.swift */ = {isa = PBXFileReference; lastKnownFileType = sourcecode.swift; path = AppDelegate.swift; sourceTree = "<group>"; };
		3B17A2D12327D6B4006CEB4C /* ViewController.swift */ = {isa = PBXFileReference; lastKnownFileType = sourcecode.swift; path = ViewController.swift; sourceTree = "<group>"; };
		3B17A2D42327D6B4006CEB4C /* Base */ = {isa = PBXFileReference; lastKnownFileType = file.storyboard; name = Base; path = Base.lproj/Main.storyboard; sourceTree = "<group>"; };
		3B17A2D62327D6B5006CEB4C /* Assets.xcassets */ = {isa = PBXFileReference; lastKnownFileType = folder.assetcatalog; path = Assets.xcassets; sourceTree = "<group>"; };
		3B17A2D92327D6B5006CEB4C /* Base */ = {isa = PBXFileReference; lastKnownFileType = file.storyboard; name = Base; path = Base.lproj/LaunchScreen.storyboard; sourceTree = "<group>"; };
		3B17A2DB2327D6B5006CEB4C /* Info.plist */ = {isa = PBXFileReference; lastKnownFileType = text.plist.xml; path = Info.plist; sourceTree = "<group>"; };
		3B17A2E02327D6B5006CEB4C /* lab3t1Tests.xctest */ = {isa = PBXFileReference; explicitFileType = wrapper.cfbundle; includeInIndex = 0; path = lab3t1Tests.xctest; sourceTree = BUILT_PRODUCTS_DIR; };
		3B17A2E42327D6B5006CEB4C /* lab3t1Tests.swift */ = {isa = PBXFileReference; lastKnownFileType = sourcecode.swift; path = lab3t1Tests.swift; sourceTree = "<group>"; };
		3B17A2E62327D6B5006CEB4C /* Info.plist */ = {isa = PBXFileReference; lastKnownFileType = text.plist.xml; path = Info.plist; sourceTree = "<group>"; };
		3B17A2EB2327D6B5006CEB4C /* lab3t1UITests.xctest */ = {isa = PBXFileReference; explicitFileType = wrapper.cfbundle; includeInIndex = 0; path = lab3t1UITests.xctest; sourceTree = BUILT_PRODUCTS_DIR; };
		3B17A2EF2327D6B5006CEB4C /* lab3t1UITests.swift */ = {isa = PBXFileReference; lastKnownFileType = sourcecode.swift; path = lab3t1UITests.swift; sourceTree = "<group>"; };
		3B17A2F12327D6B5006CEB4C /* Info.plist */ = {isa = PBXFileReference; lastKnownFileType = text.plist.xml; path = Info.plist; sourceTree = "<group>"; };
		3B17A2FD2327DED3006CEB4C /* ShoppingListTableViewController.swift */ = {isa = PBXFileReference; lastKnownFileType = sourcecode.swift; path = ShoppingListTableViewController.swift; sourceTree = "<group>"; };
/* End PBXFileReference section */

/* Begin PBXFrameworksBuildPhase section */
		3B17A2C92327D6B4006CEB4C /* Frameworks */ = {
			isa = PBXFrameworksBuildPhase;
			buildActionMask = 2147483647;
			files = (
			);
			runOnlyForDeploymentPostprocessing = 0;
		};
		3B17A2DD2327D6B5006CEB4C /* Frameworks */ = {
			isa = PBXFrameworksBuildPhase;
			buildActionMask = 2147483647;
			files = (
			);
			runOnlyForDeploymentPostprocessing = 0;
		};
		3B17A2E82327D6B5006CEB4C /* Frameworks */ = {
			isa = PBXFrameworksBuildPhase;
			buildActionMask = 2147483647;
			files = (
			);
			runOnlyForDeploymentPostprocessing = 0;
		};
/* End PBXFrameworksBuildPhase section */

/* Begin PBXGroup section */
		3B17A2C32327D6B4006CEB4C = {
			isa = PBXGroup;
			children = (
				3B17A2CE2327D6B4006CEB4C /* lab3t1 */,
				3B17A2E32327D6B5006CEB4C /* lab3t1Tests */,
				3B17A2EE2327D6B5006CEB4C /* lab3t1UITests */,
				3B17A2CD2327D6B4006CEB4C /* Products */,
			);
			sourceTree = "<group>";
		};
		3B17A2CD2327D6B4006CEB4C /* Products */ = {
			isa = PBXGroup;
			children = (
				3B17A2CC2327D6B4006CEB4C /* lab3t1.app */,
				3B17A2E02327D6B5006CEB4C /* lab3t1Tests.xctest */,
				3B17A2EB2327D6B5006CEB4C /* lab3t1UITests.xctest */,
			);
			name = Products;
			sourceTree = "<group>";
		};
		3B17A2CE2327D6B4006CEB4C /* lab3t1 */ = {
			isa = PBXGroup;
			children = (
				3B17A2CF2327D6B4006CEB4C /* AppDelegate.swift */,
				3B17A2D32327D6B4006CEB4C /* Main.storyboard */,
				3B17A2D12327D6B4006CEB4C /* ViewController.swift */,
				3B17A2D62327D6B5006CEB4C /* Assets.xcassets */,
				3B17A2D82327D6B5006CEB4C /* LaunchScreen.storyboard */,
				3B17A2DB2327D6B5006CEB4C /* Info.plist */,
				3B17A2FD2327DED3006CEB4C /* ShoppingListTableViewController.swift */,
			);
			path = lab3t1;
			sourceTree = "<group>";
		};
		3B17A2E32327D6B5006CEB4C /* lab3t1Tests */ = {
			isa = PBXGroup;
			children = (
				3B17A2E42327D6B5006CEB4C /* lab3t1Tests.swift */,
				3B17A2E62327D6B5006CEB4C /* Info.plist */,
			);
			path = lab3t1Tests;
			sourceTree = "<group>";
		};
		3B17A2EE2327D6B5006CEB4C /* lab3t1UITests */ = {
			isa = PBXGroup;
			children = (
				3B17A2EF2327D6B5006CEB4C /* lab3t1UITests.swift */,
				3B17A2F12327D6B5006CEB4C /* Info.plist */,
			);
			path = lab3t1UITests;
			sourceTree = "<group>";
		};
/* End PBXGroup section */

/* Begin PBXNativeTarget section */
		3B17A2CB2327D6B4006CEB4C /* lab3t1 */ = {
			isa = PBXNativeTarget;
			buildConfigurationList = 3B17A2F42327D6B6006CEB4C /* Build configuration list for PBXNativeTarget "lab3t1" */;
			buildPhases = (
				3B17A2C82327D6B4006CEB4C /* Sources */,
				3B17A2C92327D6B4006CEB4C /* Frameworks */,
				3B17A2CA2327D6B4006CEB4C /* Resources */,
			);
			buildRules = (
			);
			dependencies = (
			);
			name = lab3t1;
			productName = lab3t1;
			productReference = 3B17A2CC2327D6B4006CEB4C /* lab3t1.app */;
			productType = "com.apple.product-type.application";
		};
		3B17A2DF2327D6B5006CEB4C /* lab3t1Tests */ = {
			isa = PBXNativeTarget;
			buildConfigurationList = 3B17A2F72327D6B6006CEB4C /* Build configuration list for PBXNativeTarget "lab3t1Tests" */;
			buildPhases = (
				3B17A2DC2327D6B5006CEB4C /* Sources */,
				3B17A2DD2327D6B5006CEB4C /* Frameworks */,
				3B17A2DE2327D6B5006CEB4C /* Resources */,
			);
			buildRules = (
			);
			dependencies = (
				3B17A2E22327D6B5006CEB4C /* PBXTargetDependency */,
			);
			name = lab3t1Tests;
			productName = lab3t1Tests;
			productReference = 3B17A2E02327D6B5006CEB4C /* lab3t1Tests.xctest */;
			productType = "com.apple.product-type.bundle.unit-test";
		};
		3B17A2EA2327D6B5006CEB4C /* lab3t1UITests */ = {
			isa = PBXNativeTarget;
			buildConfigurationList = 3B17A2FA2327D6B6006CEB4C /* Build configuration list for PBXNativeTarget "lab3t1UITests" */;
			buildPhases = (
				3B17A2E72327D6B5006CEB4C /* Sources */,
				3B17A2E82327D6B5006CEB4C /* Frameworks */,
				3B17A2E92327D6B5006CEB4C /* Resources */,
			);
			buildRules = (
			);
			dependencies = (
				3B17A2ED2327D6B5006CEB4C /* PBXTargetDependency */,
			);
			name = lab3t1UITests;
			productName = lab3t1UITests;
			productReference = 3B17A2EB2327D6B5006CEB4C /* lab3t1UITests.xctest */;
			productType = "com.apple.product-type.bundle.ui-testing";
		};
/* End PBXNativeTarget section */

/* Begin PBXProject section */
		3B17A2C42327D6B4006CEB4C /* Project object */ = {
			isa = PBXProject;
			attributes = {
				LastSwiftUpdateCheck = 1030;
				LastUpgradeCheck = 1030;
				ORGANIZATIONNAME = "Pipsa Korkiakoski";
				TargetAttributes = {
					3B17A2CB2327D6B4006CEB4C = {
						CreatedOnToolsVersion = 10.3;
					};
					3B17A2DF2327D6B5006CEB4C = {
						CreatedOnToolsVersion = 10.3;
						TestTargetID = 3B17A2CB2327D6B4006CEB4C;
					};
					3B17A2EA2327D6B5006CEB4C = {
						CreatedOnToolsVersion = 10.3;
						TestTargetID = 3B17A2CB2327D6B4006CEB4C;
					};
				};
			};
			buildConfigurationList = 3B17A2C72327D6B4006CEB4C /* Build configuration list for PBXProject "lab3t1" */;
			compatibilityVersion = "Xcode 9.3";
			developmentRegion = en;
			hasScannedForEncodings = 0;
			knownRegions = (
				en,
				Base,
			);
			mainGroup = 3B17A2C32327D6B4006CEB4C;
			productRefGroup = 3B17A2CD2327D6B4006CEB4C /* Products */;
			projectDirPath = "";
			projectRoot = "";
			targets = (
				3B17A2CB2327D6B4006CEB4C /* lab3t1 */,
				3B17A2DF2327D6B5006CEB4C /* lab3t1Tests */,
				3B17A2EA2327D6B5006CEB4C /* lab3t1UITests */,
			);
		};
/* End PBXProject section */

/* Begin PBXResourcesBuildPhase section */
		3B17A2CA2327D6B4006CEB4C /* Resources */ = {
			isa = PBXResourcesBuildPhase;
			buildActionMask = 2147483647;
			files = (
				3B17A2DA2327D6B5006CEB4C /* LaunchScreen.storyboard in Resources */,
				3B17A2D72327D6B5006CEB4C /* Assets.xcassets in Resources */,
				3B17A2D52327D6B4006CEB4C /* Main.storyboard in Resources */,
			);
			runOnlyForDeploymentPostprocessing = 0;
		};
		3B17A2DE2327D6B5006CEB4C /* Resources */ = {
			isa = PBXResourcesBuildPhase;
			buildActionMask = 2147483647;
			files = (
			);
			runOnlyForDeploymentPostprocessing = 0;
		};
		3B17A2E92327D6B5006CEB4C /* Resources */ = {
			isa = PBXResourcesBuildPhase;
			buildActionMask = 2147483647;
			files = (
			);
			runOnlyForDeploymentPostprocessing = 0;
		};
/* End PBXResourcesBuildPhase section */

/* Begin PBXSourcesBuildPhase section */
		3B17A2C82327D6B4006CEB4C /* Sources */ = {
			isa = PBXSourcesBuildPhase;
			buildActionMask = 2147483647;
			files = (
				3B17A2D22327D6B4006CEB4C /* ViewController.swift in Sources */,
				3B17A2D02327D6B4006CEB4C /* AppDelegate.swift in Sources */,
				3B17A2FE2327DED3006CEB4C /* ShoppingListTableViewController.swift in Sources */,
			);
			runOnlyForDeploymentPostprocessing = 0;
		};
		3B17A2DC2327D6B5006CEB4C /* Sources */ = {
			isa = PBXSourcesBuildPhase;
			buildActionMask = 2147483647;
			files = (
				3B17A2E52327D6B5006CEB4C /* lab3t1Tests.swift in Sources */,
			);
			runOnlyForDeploymentPostprocessing = 0;
		};
		3B17A2E72327D6B5006CEB4C /* Sources */ = {
			isa = PBXSourcesBuildPhase;
			buildActionMask = 2147483647;
			files = (
				3B17A2F02327D6B5006CEB4C /* lab3t1UITests.swift in Sources */,
			);
			runOnlyForDeploymentPostprocessing = 0;
		};
/* End PBXSourcesBuildPhase section */

/* Begin PBXTargetDependency section */
		3B17A2E22327D6B5006CEB4C /* PBXTargetDependency */ = {
			isa = PBXTargetDependency;
			target = 3B17A2CB2327D6B4006CEB4C /* lab3t1 */;
			targetProxy = 3B17A2E12327D6B5006CEB4C /* PBXContainerItemProxy */;
		};
		3B17A2ED2327D6B5006CEB4C /* PBXTargetDependency */ = {
			isa = PBXTargetDependency;
			target = 3B17A2CB2327D6B4006CEB4C /* lab3t1 */;
			targetProxy = 3B17A2EC2327D6B5006CEB4C /* PBXContainerItemProxy */;
		};
/* End PBXTargetDependency section */

/* Begin PBXVariantGroup section */
		3B17A2D32327D6B4006CEB4C /* Main.storyboard */ = {
			isa = PBXVariantGroup;
			children = (
				3B17A2D42327D6B4006CEB4C /* Base */,
			);
			name = Main.storyboard;
			sourceTree = "<group>";
		};
		3B17A2D82327D6B5006CEB4C /* LaunchScreen.storyboard */ = {
			isa = PBXVariantGroup;
			children = (
				3B17A2D92327D6B5006CEB4C /* Base */,
			);
			name = LaunchScreen.storyboard;
			sourceTree = "<group>";
		};
/* End PBXVariantGroup section */

/* Begin XCBuildConfiguration section */
		3B17A2F22327D6B6006CEB4C /* Debug */ = {
			isa = XCBuildConfiguration;
			buildSettings = {
				ALWAYS_SEARCH_USER_PATHS = NO;
				CLANG_ANALYZER_NONNULL = YES;
				CLANG_ANALYZER_NUMBER_OBJECT_CONVERSION = YES_AGGRESSIVE;
				CLANG_CXX_LANGUAGE_STANDARD = "gnu++14";
				CLANG_CXX_LIBRARY = "libc++";
				CLANG_ENABLE_MODULES = YES;
				CLANG_ENABLE_OBJC_ARC = YES;
				CLANG_ENABLE_OBJC_WEAK = YES;
				CLANG_WARN_BLOCK_CAPTURE_AUTORELEASING = YES;
				CLANG_WARN_BOOL_CONVERSION = YES;
				CLANG_WARN_COMMA = YES;
				CLANG_WARN_CONSTANT_CONVERSION = YES;
				CLANG_WARN_DEPRECATED_OBJC_IMPLEMENTATIONS = YES;
				CLANG_WARN_DIRECT_OBJC_ISA_USAGE = YES_ERROR;
				CLANG_WARN_DOCUMENTATION_COMMENTS = YES;
				CLANG_WARN_EMPTY_BODY = YES;
				CLANG_WARN_ENUM_CONVERSION = YES;
				CLANG_WARN_INFINITE_RECURSION = YES;
				CLANG_WARN_INT_CONVERSION = YES;
				CLANG_WARN_NON_LITERAL_NULL_CONVERSION = YES;
				CLANG_WARN_OBJC_IMPLICIT_RETAIN_SELF = YES;
				CLANG_WARN_OBJC_LITERAL_CONVERSION = YES;
				CLANG_WARN_OBJC_ROOT_CLASS = YES_ERROR;
				CLANG_WARN_RANGE_LOOP_ANALYSIS = YES;
				CLANG_WARN_STRICT_PROTOTYPES = YES;
				CLANG_WARN_SUSPICIOUS_MOVE = YES;
				CLANG_WARN_UNGUARDED_AVAILABILITY = YES_AGGRESSIVE;
				CLANG_WARN_UNREACHABLE_CODE = YES;
				CLANG_WARN__DUPLICATE_METHOD_MATCH = YES;
				CODE_SIGN_IDENTITY = "iPhone Developer";
				COPY_PHASE_STRIP = NO;
				DEBUG_INFORMATION_FORMAT = dwarf;
				ENABLE_STRICT_OBJC_MSGSEND = YES;
				ENABLE_TESTABILITY = YES;
				GCC_C_LANGUAGE_STANDARD = gnu11;
				GCC_DYNAMIC_NO_PIC = NO;
				GCC_NO_COMMON_BLOCKS = YES;
				GCC_OPTIMIZATION_LEVEL = 0;
				GCC_PREPROCESSOR_DEFINITIONS = (
					"DEBUG=1",
					"$(inherited)",
				);
				GCC_WARN_64_TO_32_BIT_CONVERSION = YES;
				GCC_WARN_ABOUT_RETURN_TYPE = YES_ERROR;
				GCC_WARN_UNDECLARED_SELECTOR = YES;
				GCC_WARN_UNINITIALIZED_AUTOS = YES_AGGRESSIVE;
				GCC_WARN_UNUSED_FUNCTION = YES;
				GCC_WARN_UNUSED_VARIABLE = YES;
				IPHONEOS_DEPLOYMENT_TARGET = 12.4;
				MTL_ENABLE_DEBUG_INFO = INCLUDE_SOURCE;
				MTL_FAST_MATH = YES;
				ONLY_ACTIVE_ARCH = YES;
				SDKROOT = iphoneos;
				SWIFT_ACTIVE_COMPILATION_CONDITIONS = DEBUG;
				SWIFT_OPTIMIZATION_LEVEL = "-Onone";
			};
			name = Debug;
		};
		3B17A2F32327D6B6006CEB4C /* Release */ = {
			isa = XCBuildConfiguration;
			buildSettings = {
				ALWAYS_SEARCH_USER_PATHS = NO;
				CLANG_ANALYZER_NONNULL = YES;
				CLANG_ANALYZER_NUMBER_OBJECT_CONVERSION = YES_AGGRESSIVE;
				CLANG_CXX_LANGUAGE_STANDARD = "gnu++14";
				CLANG_CXX_LIBRARY = "libc++";
				CLANG_ENABLE_MODULES = YES;
				CLANG_ENABLE_OBJC_ARC = YES;
				CLANG_ENABLE_OBJC_WEAK = YES;
				CLANG_WARN_BLOCK_CAPTURE_AUTORELEASING = YES;
				CLANG_WARN_BOOL_CONVERSION = YES;
				CLANG_WARN_COMMA = YES;
				CLANG_WARN_CONSTANT_CONVERSION = YES;
				CLANG_WARN_DEPRECATED_OBJC_IMPLEMENTATIONS = YES;
				CLANG_WARN_DIRECT_OBJC_ISA_USAGE = YES_ERROR;
				CLANG_WARN_DOCUMENTATION_COMMENTS = YES;
				CLANG_WARN_EMPTY_BODY = YES;
				CLANG_WARN_ENUM_CONVERSION = YES;
				CLANG_WARN_INFINITE_RECURSION = YES;
				CLANG_WARN_INT_CONVERSION = YES;
				CLANG_WARN_NON_LITERAL_NULL_CONVERSION = YES;
				CLANG_WARN_OBJC_IMPLICIT_RETAIN_SELF = YES;
				CLANG_WARN_OBJC_LITERAL_CONVERSION = YES;
				CLANG_WARN_OBJC_ROOT_CLASS = YES_ERROR;
				CLANG_WARN_RANGE_LOOP_ANALYSIS = YES;
				CLANG_WARN_STRICT_PROTOTYPES = YES;
				CLANG_WARN_SUSPICIOUS_MOVE = YES;
				CLANG_WARN_UNGUARDED_AVAILABILITY = YES_AGGRESSIVE;
				CLANG_WARN_UNREACHABLE_CODE = YES;
				CLANG_WARN__DUPLICATE_METHOD_MATCH = YES;
				CODE_SIGN_IDENTITY = "iPhone Developer";
				COPY_PHASE_STRIP = NO;
				DEBUG_INFORMATION_FORMAT = "dwarf-with-dsym";
				ENABLE_NS_ASSERTIONS = NO;
				ENABLE_STRICT_OBJC_MSGSEND = YES;
				GCC_C_LANGUAGE_STANDARD = gnu11;
				GCC_NO_COMMON_BLOCKS = YES;
				GCC_WARN_64_TO_32_BIT_CONVERSION = YES;
				GCC_WARN_ABOUT_RETURN_TYPE = YES_ERROR;
				GCC_WARN_UNDECLARED_SELECTOR = YES;
				GCC_WARN_UNINITIALIZED_AUTOS = YES_AGGRESSIVE;
				GCC_WARN_UNUSED_FUNCTION = YES;
				GCC_WARN_UNUSED_VARIABLE = YES;
				IPHONEOS_DEPLOYMENT_TARGET = 12.4;
				MTL_ENABLE_DEBUG_INFO = NO;
				MTL_FAST_MATH = YES;
				SDKROOT = iphoneos;
				SWIFT_COMPILATION_MODE = wholemodule;
				SWIFT_OPTIMIZATION_LEVEL = "-O";
				VALIDATE_PRODUCT = YES;
			};
			name = Release;
		};
		3B17A2F52327D6B6006CEB4C /* Debug */ = {
			isa = XCBuildConfiguration;
			buildSettings = {
				ASSETCATALOG_COMPILER_APPICON_NAME = AppIcon;
				CODE_SIGN_STYLE = Automatic;
				DEVELOPMENT_TEAM = 575LQNG5MG;
				INFOPLIST_FILE = lab3t1/Info.plist;
				LD_RUNPATH_SEARCH_PATHS = (
					"$(inherited)",
					"@executable_path/Frameworks",
				);
				PRODUCT_BUNDLE_IDENTIFIER = com.oamk.lab3t1;
				PRODUCT_NAME = "$(TARGET_NAME)";
				SWIFT_VERSION = 5.0;
				TARGETED_DEVICE_FAMILY = "1,2";
			};
			name = Debug;
		};
		3B17A2F62327D6B6006CEB4C /* Release */ = {
			isa = XCBuildConfiguration;
			buildSettings = {
				ASSETCATALOG_COMPILER_APPICON_NAME = AppIcon;
				CODE_SIGN_STYLE = Automatic;
				DEVELOPMENT_TEAM = 575LQNG5MG;
				INFOPLIST_FILE = lab3t1/Info.plist;
				LD_RUNPATH_SEARCH_PATHS = (
					"$(inherited)",
					"@executable_path/Frameworks",
				);
				PRODUCT_BUNDLE_IDENTIFIER = com.oamk.lab3t1;
				PRODUCT_NAME = "$(TARGET_NAME)";
				SWIFT_VERSION = 5.0;
				TARGETED_DEVICE_FAMILY = "1,2";
			};
			name = Release;
		};
		3B17A2F82327D6B6006CEB4C /* Debug */ = {
			isa = XCBuildConfiguration;
			buildSettings = {
				ALWAYS_EMBED_SWIFT_STANDARD_LIBRARIES = YES;
				BUNDLE_LOADER = "$(TEST_HOST)";
				CODE_SIGN_STYLE = Automatic;
				DEVELOPMENT_TEAM = 575LQNG5MG;
				INFOPLIST_FILE = lab3t1Tests/Info.plist;
				LD_RUNPATH_SEARCH_PATHS = (
					"$(inherited)",
					"@executable_path/Frameworks",
					"@loader_path/Frameworks",
				);
				PRODUCT_BUNDLE_IDENTIFIER = com.oamk.lab3t1Tests;
				PRODUCT_NAME = "$(TARGET_NAME)";
				SWIFT_VERSION = 5.0;
				TARGETED_DEVICE_FAMILY = "1,2";
				TEST_HOST = "$(BUILT_PRODUCTS_DIR)/lab3t1.app/lab3t1";
			};
			name = Debug;
		};
		3B17A2F92327D6B6006CEB4C /* Release */ = {
			isa = XCBuildConfiguration;
			buildSettings = {
				ALWAYS_EMBED_SWIFT_STANDARD_LIBRARIES = YES;
				BUNDLE_LOADER = "$(TEST_HOST)";
				CODE_SIGN_STYLE = Automatic;
				DEVELOPMENT_TEAM = 575LQNG5MG;
				INFOPLIST_FILE = lab3t1Tests/Info.plist;
				LD_RUNPATH_SEARCH_PATHS = (
					"$(inherited)",
					"@executable_path/Frameworks",
					"@loader_path/Frameworks",
				);
				PRODUCT_BUNDLE_IDENTIFIER = com.oamk.lab3t1Tests;
				PRODUCT_NAME = "$(TARGET_NAME)";
				SWIFT_VERSION = 5.0;
				TARGETED_DEVICE_FAMILY = "1,2";
				TEST_HOST = "$(BUILT_PRODUCTS_DIR)/lab3t1.app/lab3t1";
			};
			name = Release;
		};
		3B17A2FB2327D6B6006CEB4C /* Debug */ = {
			isa = XCBuildConfiguration;
			buildSettings = {
				ALWAYS_EMBED_SWIFT_STANDARD_LIBRARIES = YES;
				CODE_SIGN_STYLE = Automatic;
				DEVELOPMENT_TEAM = 575LQNG5MG;
				INFOPLIST_FILE = lab3t1UITests/Info.plist;
				LD_RUNPATH_SEARCH_PATHS = (
					"$(inherited)",
					"@executable_path/Frameworks",
					"@loader_path/Frameworks",
				);
				PRODUCT_BUNDLE_IDENTIFIER = com.oamk.lab3t1UITests;
				PRODUCT_NAME = "$(TARGET_NAME)";
				SWIFT_VERSION = 5.0;
				TARGETED_DEVICE_FAMILY = "1,2";
				TEST_TARGET_NAME = lab3t1;
			};
			name = Debug;
		};
		3B17A2FC2327D6B6006CEB4C /* Release */ = {
			isa = XCBuildConfiguration;
			buildSettings = {
				ALWAYS_EMBED_SWIFT_STANDARD_LIBRARIES = YES;
				CODE_SIGN_STYLE = Automatic;
				DEVELOPMENT_TEAM = 575LQNG5MG;
				INFOPLIST_FILE = lab3t1UITests/Info.plist;
				LD_RUNPATH_SEARCH_PATHS = (
					"$(inherited)",
					"@executable_path/Frameworks",
					"@loader_path/Frameworks",
				);
				PRODUCT_BUNDLE_IDENTIFIER = com.oamk.lab3t1UITests;
				PRODUCT_NAME = "$(TARGET_NAME)";
				SWIFT_VERSION = 5.0;
				TARGETED_DEVICE_FAMILY = "1,2";
				TEST_TARGET_NAME = lab3t1;
			};
			name = Release;
		};
/* End XCBuildConfiguration section */

/* Begin XCConfigurationList section */
		3B17A2C72327D6B4006CEB4C /* Build configuration list for PBXProject "lab3t1" */ = {
			isa = XCConfigurationList;
			buildConfigurations = (
				3B17A2F22327D6B6006CEB4C /* Debug */,
				3B17A2F32327D6B6006CEB4C /* Release */,
			);
			defaultConfigurationIsVisible = 0;
			defaultConfigurationName = Release;
		};
		3B17A2F42327D6B6006CEB4C /* Build configuration list for PBXNativeTarget "lab3t1" */ = {
			isa = XCConfigurationList;
			buildConfigurations = (
				3B17A2F52327D6B6006CEB4C /* Debug */,
				3B17A2F62327D6B6006CEB4C /* Release */,
			);
			defaultConfigurationIsVisible = 0;
			defaultConfigurationName = Release;
		};
		3B17A2F72327D6B6006CEB4C /* Build configuration list for PBXNativeTarget "lab3t1Tests" */ = {
			isa = XCConfigurationList;
			buildConfigurations = (
				3B17A2F82327D6B6006CEB4C /* Debug */,
				3B17A2F92327D6B6006CEB4C /* Release */,
			);
			defaultConfigurationIsVisible = 0;
			defaultConfigurationName = Release;
		};
		3B17A2FA2327D6B6006CEB4C /* Build configuration list for PBXNativeTarget "lab3t1UITests" */ = {
			isa = XCConfigurationList;
			buildConfigurations = (
				3B17A2FB2327D6B6006CEB4C /* Debug */,
				3B17A2FC2327D6B6006CEB4C /* Release */,
			);
			defaultConfigurationIsVisible = 0;
			defaultConfigurationName = Release;
		};
/* End XCConfigurationList section */
	};
	rootObject = 3B17A2C42327D6B4006CEB4C /* Project object */;
}
